github.com/cihub/seelog v0.0.0-20170130134532-f561c5e57575 h1:kHaBemcxl8o/pQ5VM1c8PVE1PubbNx3mjUr09OqWGCs=
github.com/cihub/seelog v0.0.0-20170130134532-f561c5e57575/go.mod h1:9d6lWj8KzO/fd/NrVaLscBKmPigpZpn5YawRPw+e3Yo=
github.com/franela/goreq v0.0.0-20171204163338-bcd34c9993f8 h1:a9ENSRDFBUPkJ5lCgVZh26+ZbGyoVJG7yb5SSzF5H54=
github.com/franela/goreq v0.0.0-20171204163338-bcd34c9993f8/go.mod h1:ZhphrRTfi2rbfLwlschooIH4+wKKDR4Pdxhh+TRoA20=
github.com/google/go-querystring v1.0.0 h1:Xkwi/a1rcvNg1PPYe5vI8GbeBY/jrVuDX5ASuANWTrk=
github.com/google/go-querystring v1.0.0/go.mod h1:odCYkC5MyYFN7vkCjXpyrEuKhc/BUO6wN/zVPAxq5ck=
github.com/opsgenie/opsgenie-go-sdk v0.0.0-20181102130742-d57b8391ca90 h1:3YFIoZxerB7VHdIZ3mFoQ/rnT7AIORbdCIZ/LkFZ3QA=
github.com/opsgenie/opsgenie-go-sdk v0.0.0-20181102130742-d57b8391ca90/go.mod h1:dNDIBlBIGnkrpaLz1o4idoRV9L27SRBGd7p8PL5YDpM=
